Microsoft Visual Studio Solution File, Format Version 11.00
# Visual Studio 2010
Project("{8BC9CEB8-8B4A-11D0-8D11-00A0C91BC942}") = "ALL_BUILD", "ALL_BUILD.vcxproj", "{A4713BBB-4945-3F74-84E1-9AF35D61C852}"
	ProjectSection(ProjectDependencies) = postProject
		{2608002C-7255-35CC-A3EF-FB1F28A31B85} = {2608002C-7255-35CC-A3EF-FB1F28A31B85}
		{126D6FFB-41DE-3191-BAA3-4A8AC9184DCE} = {126D6FFB-41DE-3191-BAA3-4A8AC9184DCE}
		{75D6436F-9771-3936-9A70-8406ADF8552D} = {75D6436F-9771-3936-9A70-8406ADF8552D}
		{C459AE57-6BE1-3155-B3AD-4A51C5B55CCB} = {C459AE57-6BE1-3155-B3AD-4A51C5B55CCB}
		{DFD7C4C7-E040-381D-A9EE-D7AAED67FFAD} = {DFD7C4C7-E040-381D-A9EE-D7AAED67FFAD}
	EndProjectSection
EndProject
Project("{8BC9CEB8-8B4A-11D0-8D11-00A0C91BC942}") = "BuildSAAS", "src\Game\BuildSAAS.vcxproj", "{DB77EA4F-6569-3EF4-9DAC-E359138DB14B}"
	ProjectSection(ProjectDependencies) = postProject
		{126D6FFB-41DE-3191-BAA3-4A8AC9184DCE} = {126D6FFB-41DE-3191-BAA3-4A8AC9184DCE}
		{DFD7C4C7-E040-381D-A9EE-D7AAED67FFAD} = {DFD7C4C7-E040-381D-A9EE-D7AAED67FFAD}
	EndProjectSection
EndProject
Project("{8BC9CEB8-8B4A-11D0-8D11-00A0C91BC942}") = "Extension", "src\Extension\Extension.vcxproj", "{2608002C-7255-35CC-A3EF-FB1F28A31B85}"
	ProjectSection(ProjectDependencies) = postProject
		{C459AE57-6BE1-3155-B3AD-4A51C5B55CCB} = {C459AE57-6BE1-3155-B3AD-4A51C5B55CCB}
		{DFD7C4C7-E040-381D-A9EE-D7AAED67FFAD} = {DFD7C4C7-E040-381D-A9EE-D7AAED67FFAD}
	EndProjectSection
EndProject
Project("{8BC9CEB8-8B4A-11D0-8D11-00A0C91BC942}") = "Game", "src\Game\Game.vcxproj", "{126D6FFB-41DE-3191-BAA3-4A8AC9184DCE}"
	ProjectSection(ProjectDependencies) = postProject
		{75D6436F-9771-3936-9A70-8406ADF8552D} = {75D6436F-9771-3936-9A70-8406ADF8552D}
		{DFD7C4C7-E040-381D-A9EE-D7AAED67FFAD} = {DFD7C4C7-E040-381D-A9EE-D7AAED67FFAD}
	EndProjectSection
EndProject
Project("{8BC9CEB8-8B4A-11D0-8D11-00A0C91BC942}") = "Plugin", "src\Plugins\Plugin\Plugin.vcxproj", "{75D6436F-9771-3936-9A70-8406ADF8552D}"
	ProjectSection(ProjectDependencies) = postProject
		{DFD7C4C7-E040-381D-A9EE-D7AAED67FFAD} = {DFD7C4C7-E040-381D-A9EE-D7AAED67FFAD}
	EndProjectSection
EndProject
Project("{8BC9CEB8-8B4A-11D0-8D11-00A0C91BC942}") = "Plugin_Editor", "src\Plugins\Plugin\Plugin_Editor.vcxproj", "{C459AE57-6BE1-3155-B3AD-4A51C5B55CCB}"
	ProjectSection(ProjectDependencies) = postProject
		{DFD7C4C7-E040-381D-A9EE-D7AAED67FFAD} = {DFD7C4C7-E040-381D-A9EE-D7AAED67FFAD}
	EndProjectSection
EndProject
Project("{8BC9CEB8-8B4A-11D0-8D11-00A0C91BC942}") = "ZERO_CHECK", "ZERO_CHECK.vcxproj", "{DFD7C4C7-E040-381D-A9EE-D7AAED67FFAD}"
	ProjectSection(ProjectDependencies) = postProject
	EndProjectSection
EndProject
Project("{2150E333-8FDC-42A3-9474-1A3956D46DE8}") = "CMakePredefinedTargets", "CMakePredefinedTargets", "{F3992DC3-5750-3A1D-A5CF-1B995495FB3A}"
EndProject
Project("{2150E333-8FDC-42A3-9474-1A3956D46DE8}") = "Editor", "Editor", "{BE2CC6A0-13B5-3362-BE67-70726E660F48}"
EndProject
Project("{2150E333-8FDC-42A3-9474-1A3956D46DE8}") = "Runtime", "Runtime", "{D78D3CA6-0B1B-3F8C-81FC-4AEA87301433}"
EndProject
Global
	GlobalSection(SolutionConfigurationPlatforms) = preSolution
		Release|Win32 = Release|Win32
	EndGlobalSection
	GlobalSection(ProjectConfigurationPlatforms) = postSolution
		{A4713BBB-4945-3F74-84E1-9AF35D61C852}.Release|Win32.ActiveCfg = Release|Win32
		{DB77EA4F-6569-3EF4-9DAC-E359138DB14B}.Release|Win32.ActiveCfg = Release|Win32
		{2608002C-7255-35CC-A3EF-FB1F28A31B85}.Release|Win32.ActiveCfg = Release|Win32
		{2608002C-7255-35CC-A3EF-FB1F28A31B85}.Release|Win32.Build.0 = Release|Win32
		{126D6FFB-41DE-3191-BAA3-4A8AC9184DCE}.Release|Win32.ActiveCfg = Release|Win32
		{126D6FFB-41DE-3191-BAA3-4A8AC9184DCE}.Release|Win32.Build.0 = Release|Win32
		{75D6436F-9771-3936-9A70-8406ADF8552D}.Release|Win32.ActiveCfg = Release|Win32
		{75D6436F-9771-3936-9A70-8406ADF8552D}.Release|Win32.Build.0 = Release|Win32
		{C459AE57-6BE1-3155-B3AD-4A51C5B55CCB}.Release|Win32.ActiveCfg = Release|Win32
		{C459AE57-6BE1-3155-B3AD-4A51C5B55CCB}.Release|Win32.Build.0 = Release|Win32
		{DFD7C4C7-E040-381D-A9EE-D7AAED67FFAD}.Release|Win32.ActiveCfg = Release|Win32
		{DFD7C4C7-E040-381D-A9EE-D7AAED67FFAD}.Release|Win32.Build.0 = Release|Win32
	EndGlobalSection
	GlobalSection(NestedProjects) = preSolution
		{DFD7C4C7-E040-381D-A9EE-D7AAED67FFAD} = {F3992DC3-5750-3A1D-A5CF-1B995495FB3A}
		{2608002C-7255-35CC-A3EF-FB1F28A31B85} = {BE2CC6A0-13B5-3362-BE67-70726E660F48}
		{C459AE57-6BE1-3155-B3AD-4A51C5B55CCB} = {BE2CC6A0-13B5-3362-BE67-70726E660F48}
		{75D6436F-9771-3936-9A70-8406ADF8552D} = {D78D3CA6-0B1B-3F8C-81FC-4AEA87301433}
	EndGlobalSection
	GlobalSection(ExtensibilityGlobals) = postSolution
	EndGlobalSection
	GlobalSection(ExtensibilityAddIns) = postSolution
	EndGlobalSection
EndGlobal
