Microsoft Visual Studio Solution File, Format Version 11.00
# Visual Studio 2010
Project("{8BC9CEB8-8B4A-11D0-8D11-00A0C91BC942}") = "ALL_BUILD", "ALL_BUILD.vcxproj", "{360C322B-D3F8-37B6-9F30-D8953DCD7A27}"
	ProjectSection(ProjectDependencies) = postProject
		{578AA003-9B1E-3268-8E3C-83C413107C65} = {578AA003-9B1E-3268-8E3C-83C413107C65}
		{9C97F6F6-78DE-3818-8C16-22FA0F591F39} = {9C97F6F6-78DE-3818-8C16-22FA0F591F39}
		{B1A549B2-B9BE-3139-97FB-E4AA2215E3D2} = {B1A549B2-B9BE-3139-97FB-E4AA2215E3D2}
		{335C2CFF-5394-3B8B-AE1B-BE515D0F7689} = {335C2CFF-5394-3B8B-AE1B-BE515D0F7689}
		{F64D2C67-7E49-32D9-A650-D8DF17E4B594} = {F64D2C67-7E49-32D9-A650-D8DF17E4B594}
	EndProjectSection
EndProject
Project("{8BC9CEB8-8B4A-11D0-8D11-00A0C91BC942}") = "BuildSAAS", "src\Game\BuildSAAS.vcxproj", "{21A0C3FB-EAAC-3DD6-AD8B-76920F8A3CDE}"
	ProjectSection(ProjectDependencies) = postProject
		{9C97F6F6-78DE-3818-8C16-22FA0F591F39} = {9C97F6F6-78DE-3818-8C16-22FA0F591F39}
		{F64D2C67-7E49-32D9-A650-D8DF17E4B594} = {F64D2C67-7E49-32D9-A650-D8DF17E4B594}
	EndProjectSection
EndProject
Project("{8BC9CEB8-8B4A-11D0-8D11-00A0C91BC942}") = "Extension", "src\Extension\Extension.vcxproj", "{578AA003-9B1E-3268-8E3C-83C413107C65}"
	ProjectSection(ProjectDependencies) = postProject
		{335C2CFF-5394-3B8B-AE1B-BE515D0F7689} = {335C2CFF-5394-3B8B-AE1B-BE515D0F7689}
		{F64D2C67-7E49-32D9-A650-D8DF17E4B594} = {F64D2C67-7E49-32D9-A650-D8DF17E4B594}
	EndProjectSection
EndProject
Project("{8BC9CEB8-8B4A-11D0-8D11-00A0C91BC942}") = "Game", "src\Game\Game.vcxproj", "{9C97F6F6-78DE-3818-8C16-22FA0F591F39}"
	ProjectSection(ProjectDependencies) = postProject
		{B1A549B2-B9BE-3139-97FB-E4AA2215E3D2} = {B1A549B2-B9BE-3139-97FB-E4AA2215E3D2}
		{F64D2C67-7E49-32D9-A650-D8DF17E4B594} = {F64D2C67-7E49-32D9-A650-D8DF17E4B594}
	EndProjectSection
EndProject
Project("{8BC9CEB8-8B4A-11D0-8D11-00A0C91BC942}") = "Plugin", "src\Plugins\Plugin\Plugin.vcxproj", "{B1A549B2-B9BE-3139-97FB-E4AA2215E3D2}"
	ProjectSection(ProjectDependencies) = postProject
		{F64D2C67-7E49-32D9-A650-D8DF17E4B594} = {F64D2C67-7E49-32D9-A650-D8DF17E4B594}
	EndProjectSection
EndProject
Project("{8BC9CEB8-8B4A-11D0-8D11-00A0C91BC942}") = "Plugin_Editor", "src\Plugins\Plugin\Plugin_Editor.vcxproj", "{335C2CFF-5394-3B8B-AE1B-BE515D0F7689}"
	ProjectSection(ProjectDependencies) = postProject
		{F64D2C67-7E49-32D9-A650-D8DF17E4B594} = {F64D2C67-7E49-32D9-A650-D8DF17E4B594}
	EndProjectSection
EndProject
Project("{8BC9CEB8-8B4A-11D0-8D11-00A0C91BC942}") = "ZERO_CHECK", "ZERO_CHECK.vcxproj", "{F64D2C67-7E49-32D9-A650-D8DF17E4B594}"
	ProjectSection(ProjectDependencies) = postProject
	EndProjectSection
EndProject
Project("{2150E333-8FDC-42A3-9474-1A3956D46DE8}") = "CMakePredefinedTargets", "CMakePredefinedTargets", "{DD028ACD-818B-347A-AC6D-3C4E3C4E8732}"
EndProject
Project("{2150E333-8FDC-42A3-9474-1A3956D46DE8}") = "Editor", "Editor", "{5E6108AB-B0C9-36EC-9FEF-C5FA6535105B}"
EndProject
Project("{2150E333-8FDC-42A3-9474-1A3956D46DE8}") = "Runtime", "Runtime", "{9973B104-4B48-3D22-8322-770159AA2EDD}"
EndProject
Global
	GlobalSection(SolutionConfigurationPlatforms) = preSolution
		Release|Win32 = Release|Win32
	EndGlobalSection
	GlobalSection(ProjectConfigurationPlatforms) = postSolution
		{360C322B-D3F8-37B6-9F30-D8953DCD7A27}.Release|Win32.ActiveCfg = Release|Win32
		{21A0C3FB-EAAC-3DD6-AD8B-76920F8A3CDE}.Release|Win32.ActiveCfg = Release|Win32
		{578AA003-9B1E-3268-8E3C-83C413107C65}.Release|Win32.ActiveCfg = Release|Win32
		{578AA003-9B1E-3268-8E3C-83C413107C65}.Release|Win32.Build.0 = Release|Win32
		{9C97F6F6-78DE-3818-8C16-22FA0F591F39}.Release|Win32.ActiveCfg = Release|Win32
		{9C97F6F6-78DE-3818-8C16-22FA0F591F39}.Release|Win32.Build.0 = Release|Win32
		{B1A549B2-B9BE-3139-97FB-E4AA2215E3D2}.Release|Win32.ActiveCfg = Release|Win32
		{B1A549B2-B9BE-3139-97FB-E4AA2215E3D2}.Release|Win32.Build.0 = Release|Win32
		{335C2CFF-5394-3B8B-AE1B-BE515D0F7689}.Release|Win32.ActiveCfg = Release|Win32
		{335C2CFF-5394-3B8B-AE1B-BE515D0F7689}.Release|Win32.Build.0 = Release|Win32
		{F64D2C67-7E49-32D9-A650-D8DF17E4B594}.Release|Win32.ActiveCfg = Release|Win32
		{F64D2C67-7E49-32D9-A650-D8DF17E4B594}.Release|Win32.Build.0 = Release|Win32
	EndGlobalSection
	GlobalSection(NestedProjects) = preSolution
		{F64D2C67-7E49-32D9-A650-D8DF17E4B594} = {DD028ACD-818B-347A-AC6D-3C4E3C4E8732}
		{578AA003-9B1E-3268-8E3C-83C413107C65} = {5E6108AB-B0C9-36EC-9FEF-C5FA6535105B}
		{335C2CFF-5394-3B8B-AE1B-BE515D0F7689} = {5E6108AB-B0C9-36EC-9FEF-C5FA6535105B}
		{B1A549B2-B9BE-3139-97FB-E4AA2215E3D2} = {9973B104-4B48-3D22-8322-770159AA2EDD}
	EndGlobalSection
	GlobalSection(ExtensibilityGlobals) = postSolution
	EndGlobalSection
	GlobalSection(ExtensibilityAddIns) = postSolution
	EndGlobalSection
EndGlobal
