Microsoft Visual Studio Solution File, Format Version 11.00
# Visual Studio 2010
Project("{8BC9CEB8-8B4A-11D0-8D11-00A0C91BC942}") = "ALL_BUILD", "ALL_BUILD.vcxproj", "{3575A980-ECE1-3D21-B1C4-78AF5AB666C2}"
	ProjectSection(ProjectDependencies) = postProject
		{6CF99B45-23C3-3399-AB93-5883DD884A1C} = {6CF99B45-23C3-3399-AB93-5883DD884A1C}
		{E388194C-3BCA-3897-869A-B4C37565100B} = {E388194C-3BCA-3897-869A-B4C37565100B}
		{74FB8431-D8B9-3225-A5E3-5A6B80A5BFCC} = {74FB8431-D8B9-3225-A5E3-5A6B80A5BFCC}
		{E753ED6C-06D0-317F-8041-9371A12F1FC8} = {E753ED6C-06D0-317F-8041-9371A12F1FC8}
		{610818F5-7A0C-30A9-9EB9-E03FAD9B70E8} = {610818F5-7A0C-30A9-9EB9-E03FAD9B70E8}
	EndProjectSection
EndProject
Project("{8BC9CEB8-8B4A-11D0-8D11-00A0C91BC942}") = "BuildSAAS", "src\Game\BuildSAAS.vcxproj", "{6F72DF83-14E4-3867-8EC2-866D6754C80F}"
	ProjectSection(ProjectDependencies) = postProject
		{E388194C-3BCA-3897-869A-B4C37565100B} = {E388194C-3BCA-3897-869A-B4C37565100B}
		{610818F5-7A0C-30A9-9EB9-E03FAD9B70E8} = {610818F5-7A0C-30A9-9EB9-E03FAD9B70E8}
	EndProjectSection
EndProject
Project("{8BC9CEB8-8B4A-11D0-8D11-00A0C91BC942}") = "Extension", "src\Extension\Extension.vcxproj", "{6CF99B45-23C3-3399-AB93-5883DD884A1C}"
	ProjectSection(ProjectDependencies) = postProject
		{E753ED6C-06D0-317F-8041-9371A12F1FC8} = {E753ED6C-06D0-317F-8041-9371A12F1FC8}
		{610818F5-7A0C-30A9-9EB9-E03FAD9B70E8} = {610818F5-7A0C-30A9-9EB9-E03FAD9B70E8}
	EndProjectSection
EndProject
Project("{8BC9CEB8-8B4A-11D0-8D11-00A0C91BC942}") = "Game", "src\Game\Game.vcxproj", "{E388194C-3BCA-3897-869A-B4C37565100B}"
	ProjectSection(ProjectDependencies) = postProject
		{74FB8431-D8B9-3225-A5E3-5A6B80A5BFCC} = {74FB8431-D8B9-3225-A5E3-5A6B80A5BFCC}
		{610818F5-7A0C-30A9-9EB9-E03FAD9B70E8} = {610818F5-7A0C-30A9-9EB9-E03FAD9B70E8}
	EndProjectSection
EndProject
Project("{8BC9CEB8-8B4A-11D0-8D11-00A0C91BC942}") = "Plugin", "src\Plugins\Plugin\Plugin.vcxproj", "{74FB8431-D8B9-3225-A5E3-5A6B80A5BFCC}"
	ProjectSection(ProjectDependencies) = postProject
		{610818F5-7A0C-30A9-9EB9-E03FAD9B70E8} = {610818F5-7A0C-30A9-9EB9-E03FAD9B70E8}
	EndProjectSection
EndProject
Project("{8BC9CEB8-8B4A-11D0-8D11-00A0C91BC942}") = "Plugin_Editor", "src\Plugins\Plugin\Plugin_Editor.vcxproj", "{E753ED6C-06D0-317F-8041-9371A12F1FC8}"
	ProjectSection(ProjectDependencies) = postProject
		{610818F5-7A0C-30A9-9EB9-E03FAD9B70E8} = {610818F5-7A0C-30A9-9EB9-E03FAD9B70E8}
	EndProjectSection
EndProject
Project("{8BC9CEB8-8B4A-11D0-8D11-00A0C91BC942}") = "ZERO_CHECK", "ZERO_CHECK.vcxproj", "{610818F5-7A0C-30A9-9EB9-E03FAD9B70E8}"
	ProjectSection(ProjectDependencies) = postProject
	EndProjectSection
EndProject
Project("{2150E333-8FDC-42A3-9474-1A3956D46DE8}") = "CMakePredefinedTargets", "CMakePredefinedTargets", "{D28713F9-95E9-311C-8C57-77CF6CFE723F}"
EndProject
Project("{2150E333-8FDC-42A3-9474-1A3956D46DE8}") = "Editor", "Editor", "{07180A4D-4200-3CDF-9A31-7BDC01DCA317}"
EndProject
Project("{2150E333-8FDC-42A3-9474-1A3956D46DE8}") = "Runtime", "Runtime", "{13834C24-6118-3305-AAF4-F1B1D320A95D}"
EndProject
Global
	GlobalSection(SolutionConfigurationPlatforms) = preSolution
		Release|Win32 = Release|Win32
	EndGlobalSection
	GlobalSection(ProjectConfigurationPlatforms) = postSolution
		{3575A980-ECE1-3D21-B1C4-78AF5AB666C2}.Release|Win32.ActiveCfg = Release|Win32
		{6F72DF83-14E4-3867-8EC2-866D6754C80F}.Release|Win32.ActiveCfg = Release|Win32
		{6CF99B45-23C3-3399-AB93-5883DD884A1C}.Release|Win32.ActiveCfg = Release|Win32
		{6CF99B45-23C3-3399-AB93-5883DD884A1C}.Release|Win32.Build.0 = Release|Win32
		{E388194C-3BCA-3897-869A-B4C37565100B}.Release|Win32.ActiveCfg = Release|Win32
		{E388194C-3BCA-3897-869A-B4C37565100B}.Release|Win32.Build.0 = Release|Win32
		{74FB8431-D8B9-3225-A5E3-5A6B80A5BFCC}.Release|Win32.ActiveCfg = Release|Win32
		{74FB8431-D8B9-3225-A5E3-5A6B80A5BFCC}.Release|Win32.Build.0 = Release|Win32
		{E753ED6C-06D0-317F-8041-9371A12F1FC8}.Release|Win32.ActiveCfg = Release|Win32
		{E753ED6C-06D0-317F-8041-9371A12F1FC8}.Release|Win32.Build.0 = Release|Win32
		{610818F5-7A0C-30A9-9EB9-E03FAD9B70E8}.Release|Win32.ActiveCfg = Release|Win32
		{610818F5-7A0C-30A9-9EB9-E03FAD9B70E8}.Release|Win32.Build.0 = Release|Win32
	EndGlobalSection
	GlobalSection(NestedProjects) = preSolution
		{610818F5-7A0C-30A9-9EB9-E03FAD9B70E8} = {D28713F9-95E9-311C-8C57-77CF6CFE723F}
		{6CF99B45-23C3-3399-AB93-5883DD884A1C} = {07180A4D-4200-3CDF-9A31-7BDC01DCA317}
		{E753ED6C-06D0-317F-8041-9371A12F1FC8} = {07180A4D-4200-3CDF-9A31-7BDC01DCA317}
		{74FB8431-D8B9-3225-A5E3-5A6B80A5BFCC} = {13834C24-6118-3305-AAF4-F1B1D320A95D}
	EndGlobalSection
	GlobalSection(ExtensibilityGlobals) = postSolution
	EndGlobalSection
	GlobalSection(ExtensibilityAddIns) = postSolution
	EndGlobalSection
EndGlobal
