<?xml version="1.0" encoding="UTF-8"?>
<Project ToolsVersion="4.0" xmlns="http://schemas.microsoft.com/developer/msbuild/2003">
  <ItemGroup>
    <CustomBuild Include="CMakeFiles\48a9a9d23638ee45e6ebf99df9edf057\generate.stamp.rule">
      <Filter>CMake Rules</Filter>
    </CustomBuild>
  </ItemGroup>
  <ItemGroup>
    <Filter Include="CMake Rules">
      <UniqueIdentifier>{ACD27161-F55B-3F12-925E-F9FB904F8535}</UniqueIdentifier>
    </Filter>
  </ItemGroup>
</Project>
