Microsoft Visual Studio Solution File, Format Version 11.00
# Visual Studio 2010
Project("{8BC9CEB8-8B4A-11D0-8D11-00A0C91BC942}") = "ALL_BUILD", "ALL_BUILD.vcxproj", "{0CBFEB0F-9DEA-3020-A095-F5E5EBAEB2A5}"
	ProjectSection(ProjectDependencies) = postProject
		{577E0ABF-21BE-34D7-A6A6-F74E6F807B8B} = {577E0ABF-21BE-34D7-A6A6-F74E6F807B8B}
		{F4E9F4AD-F302-31DA-8A61-8942F3368CDB} = {F4E9F4AD-F302-31DA-8A61-8942F3368CDB}
		{6CFECD70-E29A-3D5E-A583-75AEB100BF40} = {6CFECD70-E29A-3D5E-A583-75AEB100BF40}
		{B165FFFF-4B2C-314A-8290-C78CE680C68A} = {B165FFFF-4B2C-314A-8290-C78CE680C68A}
		{2DC7179E-2171-3C6B-82E8-247E1CFA4C24} = {2DC7179E-2171-3C6B-82E8-247E1CFA4C24}
	EndProjectSection
EndProject
Project("{8BC9CEB8-8B4A-11D0-8D11-00A0C91BC942}") = "BuildSAAS", "src\Game\BuildSAAS.vcxproj", "{25A93059-00C2-3C68-81DC-F83EBF7C7E81}"
	ProjectSection(ProjectDependencies) = postProject
		{F4E9F4AD-F302-31DA-8A61-8942F3368CDB} = {F4E9F4AD-F302-31DA-8A61-8942F3368CDB}
		{2DC7179E-2171-3C6B-82E8-247E1CFA4C24} = {2DC7179E-2171-3C6B-82E8-247E1CFA4C24}
	EndProjectSection
EndProject
Project("{8BC9CEB8-8B4A-11D0-8D11-00A0C91BC942}") = "Extension", "src\Extension\Extension.vcxproj", "{577E0ABF-21BE-34D7-A6A6-F74E6F807B8B}"
	ProjectSection(ProjectDependencies) = postProject
		{B165FFFF-4B2C-314A-8290-C78CE680C68A} = {B165FFFF-4B2C-314A-8290-C78CE680C68A}
		{2DC7179E-2171-3C6B-82E8-247E1CFA4C24} = {2DC7179E-2171-3C6B-82E8-247E1CFA4C24}
	EndProjectSection
EndProject
Project("{8BC9CEB8-8B4A-11D0-8D11-00A0C91BC942}") = "Game", "src\Game\Game.vcxproj", "{F4E9F4AD-F302-31DA-8A61-8942F3368CDB}"
	ProjectSection(ProjectDependencies) = postProject
		{6CFECD70-E29A-3D5E-A583-75AEB100BF40} = {6CFECD70-E29A-3D5E-A583-75AEB100BF40}
		{2DC7179E-2171-3C6B-82E8-247E1CFA4C24} = {2DC7179E-2171-3C6B-82E8-247E1CFA4C24}
	EndProjectSection
EndProject
Project("{8BC9CEB8-8B4A-11D0-8D11-00A0C91BC942}") = "Plugin", "src\Plugins\Plugin\Plugin.vcxproj", "{6CFECD70-E29A-3D5E-A583-75AEB100BF40}"
	ProjectSection(ProjectDependencies) = postProject
		{2DC7179E-2171-3C6B-82E8-247E1CFA4C24} = {2DC7179E-2171-3C6B-82E8-247E1CFA4C24}
	EndProjectSection
EndProject
Project("{8BC9CEB8-8B4A-11D0-8D11-00A0C91BC942}") = "Plugin_Editor", "src\Plugins\Plugin\Plugin_Editor.vcxproj", "{B165FFFF-4B2C-314A-8290-C78CE680C68A}"
	ProjectSection(ProjectDependencies) = postProject
		{2DC7179E-2171-3C6B-82E8-247E1CFA4C24} = {2DC7179E-2171-3C6B-82E8-247E1CFA4C24}
	EndProjectSection
EndProject
Project("{8BC9CEB8-8B4A-11D0-8D11-00A0C91BC942}") = "ZERO_CHECK", "ZERO_CHECK.vcxproj", "{2DC7179E-2171-3C6B-82E8-247E1CFA4C24}"
	ProjectSection(ProjectDependencies) = postProject
	EndProjectSection
EndProject
Project("{2150E333-8FDC-42A3-9474-1A3956D46DE8}") = "CMakePredefinedTargets", "CMakePredefinedTargets", "{182EAD02-6C68-3022-832A-04399C5767A1}"
EndProject
Project("{2150E333-8FDC-42A3-9474-1A3956D46DE8}") = "Editor", "Editor", "{24EB5152-C7ED-3DA9-ADF6-9ED7210EE5B9}"
EndProject
Project("{2150E333-8FDC-42A3-9474-1A3956D46DE8}") = "Runtime", "Runtime", "{1EEAEB76-3102-3A64-98E2-3712F038B6ED}"
EndProject
Global
	GlobalSection(SolutionConfigurationPlatforms) = preSolution
		Release|Win32 = Release|Win32
	EndGlobalSection
	GlobalSection(ProjectConfigurationPlatforms) = postSolution
		{0CBFEB0F-9DEA-3020-A095-F5E5EBAEB2A5}.Release|Win32.ActiveCfg = Release|Win32
		{25A93059-00C2-3C68-81DC-F83EBF7C7E81}.Release|Win32.ActiveCfg = Release|Win32
		{577E0ABF-21BE-34D7-A6A6-F74E6F807B8B}.Release|Win32.ActiveCfg = Release|Win32
		{577E0ABF-21BE-34D7-A6A6-F74E6F807B8B}.Release|Win32.Build.0 = Release|Win32
		{F4E9F4AD-F302-31DA-8A61-8942F3368CDB}.Release|Win32.ActiveCfg = Release|Win32
		{F4E9F4AD-F302-31DA-8A61-8942F3368CDB}.Release|Win32.Build.0 = Release|Win32
		{6CFECD70-E29A-3D5E-A583-75AEB100BF40}.Release|Win32.ActiveCfg = Release|Win32
		{6CFECD70-E29A-3D5E-A583-75AEB100BF40}.Release|Win32.Build.0 = Release|Win32
		{B165FFFF-4B2C-314A-8290-C78CE680C68A}.Release|Win32.ActiveCfg = Release|Win32
		{B165FFFF-4B2C-314A-8290-C78CE680C68A}.Release|Win32.Build.0 = Release|Win32
		{2DC7179E-2171-3C6B-82E8-247E1CFA4C24}.Release|Win32.ActiveCfg = Release|Win32
		{2DC7179E-2171-3C6B-82E8-247E1CFA4C24}.Release|Win32.Build.0 = Release|Win32
	EndGlobalSection
	GlobalSection(NestedProjects) = preSolution
		{2DC7179E-2171-3C6B-82E8-247E1CFA4C24} = {182EAD02-6C68-3022-832A-04399C5767A1}
		{577E0ABF-21BE-34D7-A6A6-F74E6F807B8B} = {24EB5152-C7ED-3DA9-ADF6-9ED7210EE5B9}
		{B165FFFF-4B2C-314A-8290-C78CE680C68A} = {24EB5152-C7ED-3DA9-ADF6-9ED7210EE5B9}
		{6CFECD70-E29A-3D5E-A583-75AEB100BF40} = {1EEAEB76-3102-3A64-98E2-3712F038B6ED}
	EndGlobalSection
	GlobalSection(ExtensibilityGlobals) = postSolution
	EndGlobalSection
	GlobalSection(ExtensibilityAddIns) = postSolution
	EndGlobalSection
EndGlobal
