<?xml version="1.0" encoding="UTF-8"?>
<Project ToolsVersion="4.0" xmlns="http://schemas.microsoft.com/developer/msbuild/2003">
  <ItemGroup>
    <ClCompile Include="..\..\..\..\..\Project\src\Extension\dllmain.cpp">
      <Filter>dll</Filter>
    </ClCompile>
    <ClCompile Include="..\..\..\..\..\Project\src\Extension\Extension.cpp">
      <Filter>Extension</Filter>
    </ClCompile>
  </ItemGroup>
  <ItemGroup>
    <ClInclude Include="..\..\..\..\..\Project\src\Extension\Extension.h">
      <Filter>Extension</Filter>
    </ClInclude>
  </ItemGroup>
  <ItemGroup>
    <CustomBuild Include="..\..\..\..\..\Project\src\Extension\CMakeLists.txt" />
  </ItemGroup>
  <ItemGroup>
    <Object Include="C:\wamp\www\BuildServer\Repository\Cooking\Windows\tmp\src\Plugins\Plugin\Plugin_Editor.dir\$(Configuration)\Plugin.obj">
      <Filter>Object Libraries</Filter>
    </Object>
  </ItemGroup>
  <ItemGroup>
    <Filter Include="Object Files">
      <UniqueIdentifier>{378D9087-F260-31BB-A990-DABAAA68EAB0}</UniqueIdentifier>
    </Filter>
    <Filter Include="Extension">
      <UniqueIdentifier>{D8B45A47-A4F2-301E-9D54-BF51DEA98232}</UniqueIdentifier>
    </Filter>
    <Filter Include="dll">
      <UniqueIdentifier>{909A620E-1491-3203-86D1-9706870BB5A3}</UniqueIdentifier>
    </Filter>
    <Filter Include="Object Libraries">
      <UniqueIdentifier>{8CB7E2DF-B51F-35AF-9233-78A1C37BE831}</UniqueIdentifier>
    </Filter>
  </ItemGroup>
</Project>
