<?xml version="1.0" encoding="UTF-8"?>
<Project ToolsVersion="4.0" xmlns="http://schemas.microsoft.com/developer/msbuild/2003">
  <ItemGroup>
    <ClCompile Include="..\..\..\..\..\Project\src\Extension\dllmain.cpp">
      <Filter>dll</Filter>
    </ClCompile>
    <ClCompile Include="..\..\..\..\..\Project\src\Extension\Extension.cpp">
      <Filter>Extension</Filter>
    </ClCompile>
  </ItemGroup>
  <ItemGroup>
    <ClInclude Include="..\..\..\..\..\Project\src\Extension\Extension.h">
      <Filter>Extension</Filter>
    </ClInclude>
  </ItemGroup>
  <ItemGroup>
    <CustomBuild Include="..\..\..\..\..\Project\src\Extension\CMakeLists.txt" />
  </ItemGroup>
  <ItemGroup>
    <Object Include="W:\Test\Cooking\Windows\tmp\src\Plugins\Plugin\Plugin_Editor.dir\$(Configuration)\Plugin.obj">
      <Filter>Object Libraries</Filter>
    </Object>
  </ItemGroup>
  <ItemGroup>
    <Filter Include="Object Files">
      <UniqueIdentifier>{F258371C-ECE1-398D-880A-18AFC082D0A8}</UniqueIdentifier>
    </Filter>
    <Filter Include="Extension">
      <UniqueIdentifier>{599D2A73-2130-3340-8DEB-7655E5E53452}</UniqueIdentifier>
    </Filter>
    <Filter Include="dll">
      <UniqueIdentifier>{05375595-9AF4-345E-ACA6-783218A69632}</UniqueIdentifier>
    </Filter>
    <Filter Include="Object Libraries">
      <UniqueIdentifier>{6BD8C204-FC1E-34C7-8DAA-F90E06355C2D}</UniqueIdentifier>
    </Filter>
  </ItemGroup>
</Project>
