<?xml version="1.0" encoding="UTF-8"?>
<Project ToolsVersion="4.0" xmlns="http://schemas.microsoft.com/developer/msbuild/2003">
  <ItemGroup>
    <ClCompile Include="..\..\..\..\..\Project\src\Extension\dllmain.cpp">
      <Filter>dll</Filter>
    </ClCompile>
    <ClCompile Include="..\..\..\..\..\Project\src\Extension\Extension.cpp">
      <Filter>Extension</Filter>
    </ClCompile>
  </ItemGroup>
  <ItemGroup>
    <ClInclude Include="..\..\..\..\..\Project\src\Extension\Extension.h">
      <Filter>Extension</Filter>
    </ClInclude>
  </ItemGroup>
  <ItemGroup>
    <CustomBuild Include="..\..\..\..\..\Project\src\Extension\CMakeLists.txt" />
  </ItemGroup>
  <ItemGroup>
    <Object Include="W:\Repository\Cooking\Windows\tmp\src\Plugins\Plugin\Plugin_Editor.dir\$(Configuration)\Plugin.obj">
      <Filter>Object Libraries</Filter>
    </Object>
  </ItemGroup>
  <ItemGroup>
    <Filter Include="Object Files">
      <UniqueIdentifier>{A67DE587-3D7A-36D0-AC9C-E4B8BF89A555}</UniqueIdentifier>
    </Filter>
    <Filter Include="Extension">
      <UniqueIdentifier>{3762967B-7A19-33D2-B8F6-1FCB2AE415D3}</UniqueIdentifier>
    </Filter>
    <Filter Include="dll">
      <UniqueIdentifier>{1323800D-19DF-39C7-8713-BE16E7E49D30}</UniqueIdentifier>
    </Filter>
    <Filter Include="Object Libraries">
      <UniqueIdentifier>{CF65E2B6-E337-355F-931A-90A0E0E2913E}</UniqueIdentifier>
    </Filter>
  </ItemGroup>
</Project>
